
Microsoft Visual Studio Solution File, Format Version 12.00
# Visual Studio 15
VisualStudioVersion = 15.0.27130.2027
MinimumVisualStudioVersion = 10.0.40219.1
Project("{9A19103F-16F7-4668-BE54-9A1E7A4F7556}") = "WetterApp", "WetterApp\WetterApp.csproj", "{7ED4CC9B-71CB-4D33-A0BC-0DEE74E3EB90}"
EndProject
Global
	GlobalSection(SolutionConfigurationPlatforms) = preSolution
		Debug|Any CPU = Debug|Any CPU
		Release|Any CPU = Release|Any CPU
	EndGlobalSection
	GlobalSection(ProjectConfigurationPlatforms) = postSolution
		{7ED4CC9B-71CB-4D33-A0BC-0DEE74E3EB90}.Debug|Any CPU.ActiveCfg = Debug|Any CPU
		{7ED4CC9B-71CB-4D33-A0BC-0DEE74E3EB90}.Debug|Any CPU.Build.0 = Debug|Any CPU
		{7ED4CC9B-71CB-4D33-A0BC-0DEE74E3EB90}.Release|Any CPU.ActiveCfg = Release|Any CPU
		{7ED4CC9B-71CB-4D33-A0BC-0DEE74E3EB90}.Release|Any CPU.Build.0 = Release|Any CPU
	EndGlobalSection
	GlobalSection(SolutionProperties) = preSolution
		HideSolutionNode = FALSE
	EndGlobalSection
	GlobalSection(ExtensibilityGlobals) = postSolution
		SolutionGuid = {5D810ED4-C9B0-4A01-8668-F55A1192DD17}
	EndGlobalSection
EndGlobal
